{
  "name": "tony",
  "version": "1.0.0",
  "lockfileVersion": 2,
  "requires": true,
  "packages": {
    "": {
      "name": "tony",
      "version": "1.0.0",
      "license": "GPL-3.0-or-later",
      "dependencies": {
        "markdown-it-texmath": "^0.6.0"
      }
    },
    "node_modules/markdown-it-texmath": {
      "version": "0.6.9",
      "resolved": "https://registry.npmjs.org/markdown-it-texmath/-/markdown-it-texmath-0.6.9.tgz",
      "integrity": "sha512-0Nz9yycwji3r776RCG2lmCsc2bk+lovsaPQklNR3VZMobQ9x45TRMWo2E/J5bejG3qN58MuBKDQWhIA0r1AWVw=="
    }
  },
  "dependencies": {
    "markdown-it-texmath": {
      "version": "0.6.9",
      "resolved": "https://registry.npmjs.org/markdown-it-texmath/-/markdown-it-texmath-0.6.9.tgz",
      "integrity": "sha512-0Nz9yycwji3r776RCG2lmCsc2bk+lovsaPQklNR3VZMobQ9x45TRMWo2E/J5bejG3qN58MuBKDQWhIA0r1AWVw=="
    }
  }
}
